// !$*UTF8*$!
{
	archiveVersion = 1;
	classes = {
	};
	objectVersion = 77;
	objects = {

/* Begin PBXBuildFile section */
		106D6F373052DBA400111FE4 /* Supabase in Frameworks */ = {isa = PBXBuildFile; productRef = 106D6F363052DBA400111FE4 /* Supabase */; };
/* End PBXBuildFile section */

/* Begin PBXContainerItemProxy section */
		106D6F193052D91500111FE4 /* PBXContainerItemProxy */ = {
			isa = PBXContainerItemProxy;
			containerPortal = 106D6F033052D91500111FE4 /* Project object */;
			proxyType = 1;
			remoteGlobalIDString = 106D6F0A3052D91500111FE4;
			remoteInfo = CoupleCalender;
		};
		106D6F233052D91500111FE4 /* PBXContainerItemProxy */ = {
			isa = PBXContainerItemProxy;
			containerPortal = 106D6F033052D91500111FE4 /* Project object */;
			proxyType = 1;
			remoteGlobalIDString = 106D6F0A3052D91500111FE4;
			remoteInfo = CoupleCalender;
		};
/* End PBXContainerItemProxy section */

/* Begin PBXFileReference section */
		106D6F0B3052D91500111FE4 /* CoupleCalender.app */ = {isa = PBXFileReference; explicitFileType = wrapper.application; includeInIndex = 0; path = CoupleCalender.app; sourceTree = BUILT_PRODUCTS_DIR; };
		106D6F183052D91500111FE4 /* CoupleCalenderTests.xctest */ = {isa = PBXFileReference; explicitFileType = wrapper.cfbundle; includeInIndex = 0; path = CoupleCalenderTests.xctest; sourceTree = BUILT_PRODUCTS_DIR; };
		106D6F223052D91500111FE4 /* CoupleCalenderUITests.xctest */ = {isa = PBXFileReference; explicitFileType = wrapper.cfbundle; includeInIndex = 0; path = CoupleCalenderUITests.xctest; sourceTree = BUILT_PRODUCTS_DIR; };
		106D6F3D3052E00000111FE4 /* Base.xcconfig */ = {isa = PBXFileReference; lastKnownFileType = text.xcconfig; path = Base.xcconfig; sourceTree = "<group>"; };
/* End PBXFileReference section */

/* Begin PBXFileSystemSynchronizedRootGroup section */
		106D6F0D3052D91500111FE4 /* CoupleCalender */ = {
			isa = PBXFileSystemSynchronizedRootGroup;
			path = CoupleCalender;
			sourceTree = "<group>";
		};
		106D6F1B3052D91500111FE4 /* CoupleCalenderTests */ = {
			isa = PBXFileSystemSynchronizedRootGroup;
			path = CoupleCalenderTests;
			sourceTree = "<group>";
		};
		106D6F253052D91500111FE4 /* CoupleCalenderUITests */ = {
			isa = PBXFileSystemSynchronizedRootGroup;
			path = CoupleCalenderUITests;
			sourceTree = "<group>";
		};
/* End PBXFileSystemSynchronizedRootGroup section */

/* Begin PBXFrameworksBuildPhase section */
		106D6F083052D91500111FE4 /* Frameworks */ = {
			isa = PBXFrameworksBuildPhase;
			buildActionMask = 2147483647;
			files = (
				106D6F373052DBA400111FE4 /* Supabase in Frameworks */,
			);
			runOnlyForDeploymentPostprocessing = 0;
		};
		106D6F153052D91500111FE4 /* Frameworks */ = {
			isa = PBXFrameworksBuildPhase;
			buildActionMask = 2147483647;
			files = (
			);
			runOnlyForDeploymentPostprocessing = 0;
		};
		106D6F1F3052D91500111FE4 /* Frameworks */ = {
			isa = PBXFrameworksBuildPhase;
			buildActionMask = 2147483647;
			files = (
			);
			runOnlyForDeploymentPostprocessing = 0;
		};
/* End PBXFrameworksBuildPhase section */

/* Begin PBXGroup section */
		106D6F023052D91500111FE4 = {
			isa = PBXGroup;
			children = (
				106D6F3E3052E00000111FE4 /* Config */,
				106D6F0D3052D91500111FE4 /* CoupleCalender */,
				106D6F1B3052D91500111FE4 /* CoupleCalenderTests */,
				106D6F253052D91500111FE4 /* CoupleCalenderUITests */,
				106D6F0C3052D91500111FE4 /* Products */,
			);
			sourceTree = "<group>";
		};
		106D6F0C3052D91500111FE4 /* Products */ = {
			isa = PBXGroup;
			children = (
				106D6F0B3052D91500111FE4 /* CoupleCalender.app */,
				106D6F183052D91500111FE4 /* CoupleCalenderTests.xctest */,
				106D6F223052D91500111FE4 /* CoupleCalenderUITests.xctest */,
			);
			name = Products;
			sourceTree = "<group>";
		};
		106D6F3E3052E00000111FE4 /* Config */ = {
			isa = PBXGroup;
			children = (
				106D6F3D3052E00000111FE4 /* Base.xcconfig */,
			);
			name = Config;
			path = Config;
			sourceTree = "<group>";
		};
/* End PBXGroup section */

/* Begin PBXNativeTarget section */
		106D6F0A3052D91500111FE4 /* CoupleCalender */ = {
			isa = PBXNativeTarget;
			buildConfigurationList = 106D6F2C3052D91500111FE4 /* Build configuration list for PBXNativeTarget "CoupleCalender" */;
			buildPhases = (
				106D6F073052D91500111FE4 /* Sources */,
				106D6F083052D91500111FE4 /* Frameworks */,
				106D6F093052D91500111FE4 /* Resources */,
			);
			buildRules = (
			);
			dependencies = (
			);
			fileSystemSynchronizedGroups = (
				106D6F0D3052D91500111FE4 /* CoupleCalender */,
			);
			name = CoupleCalender;
			packageProductDependencies = (
				106D6F363052DBA400111FE4 /* Supabase */,
			);
			productName = CoupleCalender;
			productReference = 106D6F0B3052D91500111FE4 /* CoupleCalender.app */;
			productType = "com.apple.product-type.application";
		};
		106D6F173052D91500111FE4 /* CoupleCalenderTests */ = {
			isa = PBXNativeTarget;
			buildConfigurationList = 106D6F2F3052D91500111FE4 /* Build configuration list for PBXNativeTarget "CoupleCalenderTests" */;
			buildPhases = (
				106D6F143052D91500111FE4 /* Sources */,
				106D6F153052D91500111FE4 /* Frameworks */,
				106D6F163052D91500111FE4 /* Resources */,
			);
			buildRules = (
			);
			dependencies = (
				106D6F1A3052D91500111FE4 /* PBXTargetDependency */,
			);
			fileSystemSynchronizedGroups = (
				106D6F1B3052D91500111FE4 /* CoupleCalenderTests */,
			);
			name = CoupleCalenderTests;
			packageProductDependencies = (
			);
			productName = CoupleCalenderTests;
			productReference = 106D6F183052D91500111FE4 /* CoupleCalenderTests.xctest */;
			productType = "com.apple.product-type.bundle.unit-test";
		};
		106D6F213052D91500111FE4 /* CoupleCalenderUITests */ = {
			isa = PBXNativeTarget;
			buildConfigurationList = 106D6F323052D91500111FE4 /* Build configuration list for PBXNativeTarget "CoupleCalenderUITests" */;
			buildPhases = (
				106D6F1E3052D91500111FE4 /* Sources */,
				106D6F1F3052D91500111FE4 /* Frameworks */,
				106D6F203052D91500111FE4 /* Resources */,
			);
			buildRules = (
			);
			dependencies = (
				106D6F243052D91500111FE4 /* PBXTargetDependency */,
			);
			fileSystemSynchronizedGroups = (
				106D6F253052D91500111FE4 /* CoupleCalenderUITests */,
			);
			name = CoupleCalenderUITests;
			packageProductDependencies = (
			);
			productName = CoupleCalenderUITests;
			productReference = 106D6F223052D91500111FE4 /* CoupleCalenderUITests.xctest */;
			productType = "com.apple.product-type.bundle.ui-testing";
		};
/* End PBXNativeTarget section */

/* Begin PBXProject section */
		106D6F033052D91500111FE4 /* Project object */ = {
			isa = PBXProject;
			attributes = {
				BuildIndependentTargetsInParallel = 1;
				LastSwiftUpdateCheck = 2610;
				LastUpgradeCheck = 2610;
				TargetAttributes = {
					106D6F0A3052D91500111FE4 = {
						CreatedOnToolsVersion = 26.1.1;
					};
					106D6F173052D91500111FE4 = {
						CreatedOnToolsVersion = 26.1.1;
						TestTargetID = 106D6F0A3052D91500111FE4;
					};
					106D6F213052D91500111FE4 = {
						CreatedOnToolsVersion = 26.1.1;
						TestTargetID = 106D6F0A3052D91500111FE4;
					};
				};
			};
			buildConfigurationList = 106D6F063052D91500111FE4 /* Build configuration list for PBXProject "CoupleCalender" */;
			developmentRegion = en;
			hasScannedForEncodings = 0;
			knownRegions = (
				en,
				Base,
			);
			mainGroup = 106D6F023052D91500111FE4;
			minimizedProjectReferenceProxies = 1;
			packageReferences = (
				106D6F353052DBA400111FE4 /* XCRemoteSwiftPackageReference "supabase-swift" */,
			);
			preferredProjectObjectVersion = 77;
			productRefGroup = 106D6F0C3052D91500111FE4 /* Products */;
			projectDirPath = "";
			projectRoot = "";
			targets = (
				106D6F0A3052D91500111FE4 /* CoupleCalender */,
				106D6F173052D91500111FE4 /* CoupleCalenderTests */,
				106D6F213052D91500111FE4 /* CoupleCalenderUITests */,
			);
		};
/* End PBXProject section */

/* Begin PBXResourcesBuildPhase section */
		106D6F093052D91500111FE4 /* Resources */ = {
			isa = PBXResourcesBuildPhase;
			buildActionMask = 2147483647;
			files = (
			);
			runOnlyForDeploymentPostprocessing = 0;
		};
		106D6F163052D91500111FE4 /* Resources */ = {
			isa = PBXResourcesBuildPhase;
			buildActionMask = 2147483647;
			files = (
			);
			runOnlyForDeploymentPostprocessing = 0;
		};
		106D6F203052D91500111FE4 /* Resources */ = {
			isa = PBXResourcesBuildPhase;
			buildActionMask = 2147483647;
			files = (
			);
			runOnlyForDeploymentPostprocessing = 0;
		};
/* End PBXResourcesBuildPhase section */

/* Begin PBXSourcesBuildPhase section */
		106D6F073052D91500111FE4 /* Sources */ = {
			isa = PBXSourcesBuildPhase;
			buildActionMask = 2147483647;
			files = (
			);
			runOnlyForDeploymentPostprocessing = 0;
		};
		106D6F143052D91500111FE4 /* Sources */ = {
			isa = PBXSourcesBuildPhase;
			buildActionMask = 2147483647;
			files = (
			);
			runOnlyForDeploymentPostprocessing = 0;
		};
		106D6F1E3052D91500111FE4 /* Sources */ = {
			isa = PBXSourcesBuildPhase;
			buildActionMask = 2147483647;
			files = (
			);
			runOnlyForDeploymentPostprocessing = 0;
		};
/* End PBXSourcesBuildPhase section */

/* Begin PBXTargetDependency section */
		106D6F1A3052D91500111FE4 /* PBXTargetDependency */ = {
			isa = PBXTargetDependency;
			target = 106D6F0A3052D91500111FE4 /* CoupleCalender */;
			targetProxy = 106D6F193052D91500111FE4 /* PBXContainerItemProxy */;
		};
		106D6F243052D91500111FE4 /* PBXTargetDependency */ = {
			isa = PBXTargetDependency;
			target = 106D6F0A3052D91500111FE4 /* CoupleCalender */;
			targetProxy = 106D6F233052D91500111FE4 /* PBXContainerItemProxy */;
		};
/* End PBXTargetDependency section */

/* Begin XCBuildConfiguration section */
		106D6F2A3052D91500111FE4 /* Debug */ = {
			isa = XCBuildConfiguration;
			baseConfigurationReference = 106D6F3D3052E00000111FE4 /* Base.xcconfig */;
			buildSettings = {
				ALWAYS_SEARCH_USER_PATHS = NO;
				ASSETCATALOG_COMPILER_GENERATE_SWIFT_ASSET_SYMBOL_EXTENSIONS = YES;
				CLANG_ANALYZER_NONNULL = YES;
				CLANG_ANALYZER_NUMBER_OBJECT_CONVERSION = YES_AGGRESSIVE;
				CLANG_CXX_LANGUAGE_STANDARD = "gnu++20";
				CLANG_ENABLE_MODULES = YES;
				CLANG_ENABLE_OBJC_ARC = YES;
				CLANG_ENABLE_OBJC_WEAK = YES;
				CLANG_WARN_BLOCK_CAPTURE_AUTORELEASING = YES;
				CLANG_WARN_BOOL_CONVERSION = YES;
				CLANG_WARN_COMMA = YES;
				CLANG_WARN_CONSTANT_CONVERSION = YES;
				CLANG_WARN_DEPRECATED_OBJC_IMPLEMENTATIONS = YES;
				CLANG_WARN_DIRECT_OBJC_ISA_USAGE = YES_ERROR;
				CLANG_WARN_DOCUMENTATION_COMMENTS = YES;
				CLANG_WARN_EMPTY_BODY = YES;
				CLANG_WARN_ENUM_CONVERSION = YES;
				CLANG_WARN_INFINITE_RECURSION = YES;
				CLANG_WARN_INT_CONVERSION = YES;
				CLANG_WARN_NON_LITERAL_NULL_CONVERSION = YES;
				CLANG_WARN_OBJC_IMPLICIT_RETAIN_SELF = YES;
				CLANG_WARN_OBJC_LITERAL_CONVERSION = YES;
				CLANG_WARN_OBJC_ROOT_CLASS = YES_ERROR;
				CLANG_WARN_QUOTED_INCLUDE_IN_FRAMEWORK_HEADER = YES;
				CLANG_WARN_RANGE_LOOP_ANALYSIS = YES;
				CLANG_WARN_STRICT_PROTOTYPES = YES;
				CLANG_WARN_SUSPICIOUS_MOVE = YES;
				CLANG_WARN_UNGUARDED_AVAILABILITY = YES_AGGRESSIVE;
				CLANG_WARN_UNREACHABLE_CODE = YES;
				CLANG_WARN__DUPLICATE_METHOD_MATCH = YES;
				COPY_PHASE_STRIP = NO;
				DEBUG_INFORMATION_FORMAT = dwarf;
				DEVELOPMENT_TEAM = Y35SHANXGY;
				ENABLE_STRICT_OBJC_MSGSEND = YES;
				ENABLE_TESTABILITY = YES;
				ENABLE_USER_SCRIPT_SANDBOXING = YES;
				GCC_C_LANGUAGE_STANDARD = gnu17;
				GCC_DYNAMIC_NO_PIC = NO;
				GCC_NO_COMMON_BLOCKS = YES;
				GCC_OPTIMIZATION_LEVEL = 0;
				GCC_PREPROCESSOR_DEFINITIONS = (
					"DEBUG=1",
					"$(inherited)",
				);
				GCC_WARN_64_TO_32_BIT_CONVERSION = YES;
				GCC_WARN_ABOUT_RETURN_TYPE = YES_ERROR;
				GCC_WARN_UNDECLARED_SELECTOR = YES;
				GCC_WARN_UNINITIALIZED_AUTOS = YES_AGGRESSIVE;
				GCC_WARN_UNUSED_FUNCTION = YES;
				GCC_WARN_UNUSED_VARIABLE = YES;
				IPHONEOS_DEPLOYMENT_TARGET = 26.1;
				LOCALIZATION_PREFERS_STRING_CATALOGS = YES;
				MTL_ENABLE_DEBUG_INFO = INCLUDE_SOURCE;
				MTL_FAST_MATH = YES;
				ONLY_ACTIVE_ARCH = YES;
				SDKROOT = iphoneos;
				SWIFT_ACTIVE_COMPILATION_CONDITIONS = "DEBUG $(inherited)";
				SWIFT_OPTIMIZATION_LEVEL = "-Onone";
			};
			name = Debug;
		};
		106D6F2B3052D91500111FE4 /* Release */ = {
			isa = XCBuildConfiguration;
			baseConfigurationReference = 106D6F3D3052E00000111FE4 /* Base.xcconfig */;
			buildSettings = {
				ALWAYS_SEARCH_USER_PATHS = NO;
				ASSETCATALOG_COMPILER_GENERATE_SWIFT_ASSET_SYMBOL_EXTENSIONS = YES;
				CLANG_ANALYZER_NONNULL = YES;
				CLANG_ANALYZER_NUMBER_OBJECT_CONVERSION = YES_AGGRESSIVE;
				CLANG_CXX_LANGUAGE_STANDARD = "gnu++20";
				CLANG_ENABLE_MODULES = YES;
				CLANG_ENABLE_OBJC_ARC = YES;
				CLANG_ENABLE_OBJC_WEAK = YES;
				CLANG_WARN_BLOCK_CAPTURE_AUTORELEASING = YES;
				CLANG_WARN_BOOL_CONVERSION = YES;
				CLANG_WARN_COMMA = YES;
				CLANG_WARN_CONSTANT_CONVERSION = YES;
				CLANG_WARN_DEPRECATED_OBJC_IMPLEMENTATIONS = YES;
				CLANG_WARN_DIRECT_OBJC_ISA_USAGE = YES_ERROR;
				CLANG_WARN_DOCUMENTATION_COMMENTS = YES;
				CLANG_WARN_EMPTY_BODY = YES;
				CLANG_WARN_ENUM_CONVERSION = YES;
				CLANG_WARN_INFINITE_RECURSION = YES;
				CLANG_WARN_INT_CONVERSION = YES;
				CLANG_WARN_NON_LITERAL_NULL_CONVERSION = YES;
				CLANG_WARN_OBJC_IMPLICIT_RETAIN_SELF = YES;
				CLANG_WARN_OBJC_LITERAL_CONVERSION = YES;
				CLANG_WARN_OBJC_ROOT_CLASS = YES_ERROR;
				CLANG_WARN_QUOTED_INCLUDE_IN_FRAMEWORK_HEADER = YES;
				CLANG_WARN_RANGE_LOOP_ANALYSIS = YES;
				CLANG_WARN_STRICT_PROTOTYPES = YES;
				CLANG_WARN_SUSPICIOUS_MOVE = YES;
				CLANG_WARN_UNGUARDED_AVAILABILITY = YES_AGGRESSIVE;
				CLANG_WARN_UNREACHABLE_CODE = YES;
				CLANG_WARN__DUPLICATE_METHOD_MATCH = YES;
				COPY_PHASE_STRIP = NO;
				DEBUG_INFORMATION_FORMAT = "dwarf-with-dsym";
				DEVELOPMENT_TEAM = Y35SHANXGY;
				ENABLE_NS_ASSERTIONS = NO;
				ENABLE_STRICT_OBJC_MSGSEND = YES;
				ENABLE_USER_SCRIPT_SANDBOXING = YES;
				GCC_C_LANGUAGE_STANDARD = gnu17;
				GCC_NO_COMMON_BLOCKS = YES;
				GCC_WARN_64_TO_32_BIT_CONVERSION = YES;
				GCC_WARN_ABOUT_RETURN_TYPE = YES_ERROR;
				GCC_WARN_UNDECLARED_SELECTOR = YES;
				GCC_WARN_UNINITIALIZED_AUTOS = YES_AGGRESSIVE;
				GCC_WARN_UNUSED_FUNCTION = YES;
				GCC_WARN_UNUSED_VARIABLE = YES;
				IPHONEOS_DEPLOYMENT_TARGET = 26.1;
				LOCALIZATION_PREFERS_STRING_CATALOGS = YES;
				MTL_ENABLE_DEBUG_INFO = NO;
				MTL_FAST_MATH = YES;
				SDKROOT = iphoneos;
				SWIFT_COMPILATION_MODE = wholemodule;
				VALIDATE_PRODUCT = YES;
			};
			name = Release;
		};
		106D6F2D3052D91500111FE4 /* Debug */ = {
			isa = XCBuildConfiguration;
			baseConfigurationReference = 106D6F3D3052E00000111FE4 /* Base.xcconfig */;
			buildSettings = {
				APS_ENVIRONMENT = development;
				ASSETCATALOG_COMPILER_APPICON_NAME = AppIcon;
				ASSETCATALOG_COMPILER_GLOBAL_ACCENT_COLOR_NAME = AccentColor;
				CODE_SIGN_STYLE = Automatic;
				CODE_SIGN_ENTITLEMENTS = CoupleCalender/CoupleCalender.entitlements;
				CURRENT_PROJECT_VERSION = 1;
				DEVELOPMENT_TEAM = Y35SHANXGY;
				ENABLE_PREVIEWS = YES;
				GENERATE_INFOPLIST_FILE = YES;
				INFOPLIST_KEY_UIApplicationSceneManifest_Generation = YES;
				INFOPLIST_KEY_UIApplicationSupportsIndirectInputEvents = YES;
				INFOPLIST_KEY_UILaunchScreen_Generation = YES;
				INFOPLIST_KEY_UISupportedInterfaceOrientations_iPad = "UIInterfaceOrientationPortrait UIInterfaceOrientationPortraitUpsideDown UIInterfaceOrientationLandscapeLeft UIInterfaceOrientationLandscapeRight";
				INFOPLIST_KEY_UISupportedInterfaceOrientations_iPhone = "UIInterfaceOrientationPortrait UIInterfaceOrientationLandscapeLeft UIInterfaceOrientationLandscapeRight";
				LD_RUNPATH_SEARCH_PATHS = (
					"$(inherited)",
					"@executable_path/Frameworks",
				);
				MARKETING_VERSION = 1.0;
				PRODUCT_BUNDLE_IDENTIFIER = asa.CoupleCalender;
				PRODUCT_NAME = "$(TARGET_NAME)";
				STRING_CATALOG_GENERATE_SYMBOLS = YES;
				SWIFT_APPROACHABLE_CONCURRENCY = YES;
				SWIFT_DEFAULT_ACTOR_ISOLATION = MainActor;
				SWIFT_EMIT_LOC_STRINGS = YES;
				SWIFT_UPCOMING_FEATURE_MEMBER_IMPORT_VISIBILITY = YES;
				SWIFT_VERSION = 5.0;
				TARGETED_DEVICE_FAMILY = "1,2";
			};
			name = Debug;
		};
		106D6F2E3052D91500111FE4 /* Release */ = {
			isa = XCBuildConfiguration;
			baseConfigurationReference = 106D6F3D3052E00000111FE4 /* Base.xcconfig */;
			buildSettings = {
				APS_ENVIRONMENT = production;
				ASSETCATALOG_COMPILER_APPICON_NAME = AppIcon;
				ASSETCATALOG_COMPILER_GLOBAL_ACCENT_COLOR_NAME = AccentColor;
				CODE_SIGN_STYLE = Automatic;
				CODE_SIGN_ENTITLEMENTS = CoupleCalender/CoupleCalender.entitlements;
				CURRENT_PROJECT_VERSION = 1;
				DEVELOPMENT_TEAM = Y35SHANXGY;
				ENABLE_PREVIEWS = YES;
				GENERATE_INFOPLIST_FILE = YES;
				INFOPLIST_KEY_UIApplicationSceneManifest_Generation = YES;
				INFOPLIST_KEY_UIApplicationSupportsIndirectInputEvents = YES;
				INFOPLIST_KEY_UILaunchScreen_Generation = YES;
				INFOPLIST_KEY_UISupportedInterfaceOrientations_iPad = "UIInterfaceOrientationPortrait UIInterfaceOrientationPortraitUpsideDown UIInterfaceOrientationLandscapeLeft UIInterfaceOrientationLandscapeRight";
				INFOPLIST_KEY_UISupportedInterfaceOrientations_iPhone = "UIInterfaceOrientationPortrait UIInterfaceOrientationLandscapeLeft UIInterfaceOrientationLandscapeRight";
				LD_RUNPATH_SEARCH_PATHS = (
					"$(inherited)",
					"@executable_path/Frameworks",
				);
				MARKETING_VERSION = 1.0;
				PRODUCT_BUNDLE_IDENTIFIER = asa.CoupleCalender;
				PRODUCT_NAME = "$(TARGET_NAME)";
				STRING_CATALOG_GENERATE_SYMBOLS = YES;
				SWIFT_APPROACHABLE_CONCURRENCY = YES;
				SWIFT_DEFAULT_ACTOR_ISOLATION = MainActor;
				SWIFT_EMIT_LOC_STRINGS = YES;
				SWIFT_UPCOMING_FEATURE_MEMBER_IMPORT_VISIBILITY = YES;
				SWIFT_VERSION = 5.0;
				TARGETED_DEVICE_FAMILY = "1,2";
			};
			name = Release;
		};
		106D6F303052D91500111FE4 /* Debug */ = {
			isa = XCBuildConfiguration;
			buildSettings = {
				BUNDLE_LOADER = "$(TEST_HOST)";
				CODE_SIGN_STYLE = Automatic;
				CURRENT_PROJECT_VERSION = 1;
				DEVELOPMENT_TEAM = Y35SHANXGY;
				GENERATE_INFOPLIST_FILE = YES;
				IPHONEOS_DEPLOYMENT_TARGET = 26.1;
				MARKETING_VERSION = 1.0;
				PRODUCT_BUNDLE_IDENTIFIER = asa.CoupleCalenderTests;
				PRODUCT_NAME = "$(TARGET_NAME)";
				STRING_CATALOG_GENERATE_SYMBOLS = NO;
				SWIFT_APPROACHABLE_CONCURRENCY = YES;
				SWIFT_EMIT_LOC_STRINGS = NO;
				SWIFT_UPCOMING_FEATURE_MEMBER_IMPORT_VISIBILITY = YES;
				SWIFT_VERSION = 5.0;
				TARGETED_DEVICE_FAMILY = "1,2";
				TEST_HOST = "$(BUILT_PRODUCTS_DIR)/CoupleCalender.app/$(BUNDLE_EXECUTABLE_FOLDER_PATH)/CoupleCalender";
			};
			name = Debug;
		};
		106D6F313052D91500111FE4 /* Release */ = {
			isa = XCBuildConfiguration;
			buildSettings = {
				BUNDLE_LOADER = "$(TEST_HOST)";
				CODE_SIGN_STYLE = Automatic;
				CURRENT_PROJECT_VERSION = 1;
				DEVELOPMENT_TEAM = Y35SHANXGY;
				GENERATE_INFOPLIST_FILE = YES;
				IPHONEOS_DEPLOYMENT_TARGET = 26.1;
				MARKETING_VERSION = 1.0;
				PRODUCT_BUNDLE_IDENTIFIER = asa.CoupleCalenderTests;
				PRODUCT_NAME = "$(TARGET_NAME)";
				STRING_CATALOG_GENERATE_SYMBOLS = NO;
				SWIFT_APPROACHABLE_CONCURRENCY = YES;
				SWIFT_EMIT_LOC_STRINGS = NO;
				SWIFT_UPCOMING_FEATURE_MEMBER_IMPORT_VISIBILITY = YES;
				SWIFT_VERSION = 5.0;
				TARGETED_DEVICE_FAMILY = "1,2";
				TEST_HOST = "$(BUILT_PRODUCTS_DIR)/CoupleCalender.app/$(BUNDLE_EXECUTABLE_FOLDER_PATH)/CoupleCalender";
			};
			name = Release;
		};
		106D6F333052D91500111FE4 /* Debug */ = {
			isa = XCBuildConfiguration;
			buildSettings = {
				CODE_SIGN_STYLE = Automatic;
				CURRENT_PROJECT_VERSION = 1;
				DEVELOPMENT_TEAM = Y35SHANXGY;
				GENERATE_INFOPLIST_FILE = YES;
				MARKETING_VERSION = 1.0;
				PRODUCT_BUNDLE_IDENTIFIER = asa.CoupleCalenderUITests;
				PRODUCT_NAME = "$(TARGET_NAME)";
				STRING_CATALOG_GENERATE_SYMBOLS = NO;
				SWIFT_APPROACHABLE_CONCURRENCY = YES;
				SWIFT_EMIT_LOC_STRINGS = NO;
				SWIFT_UPCOMING_FEATURE_MEMBER_IMPORT_VISIBILITY = YES;
				SWIFT_VERSION = 5.0;
				TARGETED_DEVICE_FAMILY = "1,2";
				TEST_TARGET_NAME = CoupleCalender;
			};
			name = Debug;
		};
		106D6F343052D91500111FE4 /* Release */ = {
			isa = XCBuildConfiguration;
			buildSettings = {
				CODE_SIGN_STYLE = Automatic;
				CURRENT_PROJECT_VERSION = 1;
				DEVELOPMENT_TEAM = Y35SHANXGY;
				GENERATE_INFOPLIST_FILE = YES;
				MARKETING_VERSION = 1.0;
				PRODUCT_BUNDLE_IDENTIFIER = asa.CoupleCalenderUITests;
				PRODUCT_NAME = "$(TARGET_NAME)";
				STRING_CATALOG_GENERATE_SYMBOLS = NO;
				SWIFT_APPROACHABLE_CONCURRENCY = YES;
				SWIFT_EMIT_LOC_STRINGS = NO;
				SWIFT_UPCOMING_FEATURE_MEMBER_IMPORT_VISIBILITY = YES;
				SWIFT_VERSION = 5.0;
				TARGETED_DEVICE_FAMILY = "1,2";
				TEST_TARGET_NAME = CoupleCalender;
			};
			name = Release;
		};
/* End XCBuildConfiguration section */

/* Begin XCConfigurationList section */
		106D6F063052D91500111FE4 /* Build configuration list for PBXProject "CoupleCalender" */ = {
			isa = XCConfigurationList;
			buildConfigurations = (
				106D6F2A3052D91500111FE4 /* Debug */,
				106D6F2B3052D91500111FE4 /* Release */,
			);
			defaultConfigurationIsVisible = 0;
			defaultConfigurationName = Release;
		};
		106D6F2C3052D91500111FE4 /* Build configuration list for PBXNativeTarget "CoupleCalender" */ = {
			isa = XCConfigurationList;
			buildConfigurations = (
				106D6F2D3052D91500111FE4 /* Debug */,
				106D6F2E3052D91500111FE4 /* Release */,
			);
			defaultConfigurationIsVisible = 0;
			defaultConfigurationName = Release;
		};
		106D6F2F3052D91500111FE4 /* Build configuration list for PBXNativeTarget "CoupleCalenderTests" */ = {
			isa = XCConfigurationList;
			buildConfigurations = (
				106D6F303052D91500111FE4 /* Debug */,
				106D6F313052D91500111FE4 /* Release */,
			);
			defaultConfigurationIsVisible = 0;
			defaultConfigurationName = Release;
		};
		106D6F323052D91500111FE4 /* Build configuration list for PBXNativeTarget "CoupleCalenderUITests" */ = {
			isa = XCConfigurationList;
			buildConfigurations = (
				106D6F333052D91500111FE4 /* Debug */,
				106D6F343052D91500111FE4 /* Release */,
			);
			defaultConfigurationIsVisible = 0;
			defaultConfigurationName = Release;
		};
/* End XCConfigurationList section */

/* Begin XCRemoteSwiftPackageReference section */
		106D6F353052DBA400111FE4 /* XCRemoteSwiftPackageReference "supabase-swift" */ = {
			isa = XCRemoteSwiftPackageReference;
			repositoryURL = "https://github.com/supabase/supabase-swift";
			requirement = {
				kind = upToNextMajorVersion;
				minimumVersion = 2.5.1;
			};
		};
/* End XCRemoteSwiftPackageReference section */

/* Begin XCSwiftPackageProductDependency section */
		106D6F363052DBA400111FE4 /* Supabase */ = {
			isa = XCSwiftPackageProductDependency;
			package = 106D6F353052DBA400111FE4 /* XCRemoteSwiftPackageReference "supabase-swift" */;
			productName = Supabase;
		};
/* End XCSwiftPackageProductDependency section */
	};
	rootObject = 106D6F033052D91500111FE4 /* Project object */;
}
